
Microsoft Visual Studio Solution File, Format Version 12.00
# Visual Studio 15
VisualStudioVersion = 15.0.28010.2048
MinimumVisualStudioVersion = 10.0.40219.1
Project("{FAE04EC0-301F-11D3-BF4B-00C04F79EFBC}") = "TimePeriod", "TimePeriod\TimePeriod.csproj", "{5F43F99A-D094-45C2-A1D8-07C4387F5BB7}"
EndProject
Project("{FAE04EC0-301F-11D3-BF4B-00C04F79EFBC}") = "TimePeriod Logic", "TimePeriod Logic\TimePeriod Logic.csproj", "{A7B8728B-1C79-4CE1-AA2C-063BE893AF97}"
EndProject
Global
	GlobalSection(SolutionConfigurationPlatforms) = preSolution
		Debug|Any CPU = Debug|Any CPU
		Release|Any CPU = Release|Any CPU
	EndGlobalSection
	GlobalSection(ProjectConfigurationPlatforms) = postSolution
		{5F43F99A-D094-45C2-A1D8-07C4387F5BB7}.Debug|Any CPU.ActiveCfg = Debug|Any CPU
		{5F43F99A-D094-45C2-A1D8-07C4387F5BB7}.Debug|Any CPU.Build.0 = Debug|Any CPU
		{5F43F99A-D094-45C2-A1D8-07C4387F5BB7}.Release|Any CPU.ActiveCfg = Release|Any CPU
		{5F43F99A-D094-45C2-A1D8-07C4387F5BB7}.Release|Any CPU.Build.0 = Release|Any CPU
		{A7B8728B-1C79-4CE1-AA2C-063BE893AF97}.Debug|Any CPU.ActiveCfg = Debug|Any CPU
		{A7B8728B-1C79-4CE1-AA2C-063BE893AF97}.Debug|Any CPU.Build.0 = Debug|Any CPU
		{A7B8728B-1C79-4CE1-AA2C-063BE893AF97}.Release|Any CPU.ActiveCfg = Release|Any CPU
		{A7B8728B-1C79-4CE1-AA2C-063BE893AF97}.Release|Any CPU.Build.0 = Release|Any CPU
	EndGlobalSection
	GlobalSection(SolutionProperties) = preSolution
		HideSolutionNode = FALSE
	EndGlobalSection
	GlobalSection(ExtensibilityGlobals) = postSolution
		SolutionGuid = {3E910B3C-8E9D-4E40-A3AF-AE31E713D4E2}
	EndGlobalSection
EndGlobal
