
Microsoft Visual Studio Solution File, Format Version 12.00
# Visual Studio 15
VisualStudioVersion = 15.0.28010.2048
MinimumVisualStudioVersion = 10.0.40219.1
Project("{FAE04EC0-301F-11D3-BF4B-00C04F79EFBC}") = "Fraction", "Fraction\Fraction.csproj", "{FC3B69C0-28D4-4E3E-A9FB-D3EE9BBFBF91}"
EndProject
Global
	GlobalSection(SolutionConfigurationPlatforms) = preSolution
		Debug|Any CPU = Debug|Any CPU
		Release|Any CPU = Release|Any CPU
	EndGlobalSection
	GlobalSection(ProjectConfigurationPlatforms) = postSolution
		{FC3B69C0-28D4-4E3E-A9FB-D3EE9BBFBF91}.Debug|Any CPU.ActiveCfg = Debug|Any CPU
		{FC3B69C0-28D4-4E3E-A9FB-D3EE9BBFBF91}.Debug|Any CPU.Build.0 = Debug|Any CPU
		{FC3B69C0-28D4-4E3E-A9FB-D3EE9BBFBF91}.Release|Any CPU.ActiveCfg = Release|Any CPU
		{FC3B69C0-28D4-4E3E-A9FB-D3EE9BBFBF91}.Release|Any CPU.Build.0 = Release|Any CPU
	EndGlobalSection
	GlobalSection(SolutionProperties) = preSolution
		HideSolutionNode = FALSE
	EndGlobalSection
	GlobalSection(ExtensibilityGlobals) = postSolution
		SolutionGuid = {9B4EFFC0-933C-4C82-A588-EA229C15761F}
	EndGlobalSection
EndGlobal
